
Microsoft Visual Studio Solution File, Format Version 12.00
# Visual Studio Version 17
VisualStudioVersion = 17.0.31903.59
MinimumVisualStudioVersion = 10.0.40219.1
Project("{2150E333-8FDC-42A3-9474-1A3956D46DE8}") = "src", "src", "{827E0CD3-B72D-47B6-A68D-7590B98EB39B}"
EndProject
Project("{FAE04EC0-301F-11D3-BF4B-00C04F79EFBC}") = "ThaiIdCardAgent.Core", "src\ThaiIdCardAgent.Core\ThaiIdCardAgent.Core.csproj", "{1ADB75FF-7DD8-4EEC-AE39-2DACEF024600}"
EndProject
Project("{FAE04EC0-301F-11D3-BF4B-00C04F79EFBC}") = "ThaiIdCardAgent.Pcsc", "src\ThaiIdCardAgent.Pcsc\ThaiIdCardAgent.Pcsc.csproj", "{08D136CC-756B-443D-911E-CB3D59F455BD}"
EndProject
Project("{FAE04EC0-301F-11D3-BF4B-00C04F79EFBC}") = "ThaiIdCardAgent.ThaiCard", "src\ThaiIdCardAgent.ThaiCard\ThaiIdCardAgent.ThaiCard.csproj", "{292E720B-7AA8-49AF-B813-BBF3C975A3FE}"
EndProject
Project("{FAE04EC0-301F-11D3-BF4B-00C04F79EFBC}") = "ThaiIdCardAgent.Console", "src\ThaiIdCardAgent.Console\ThaiIdCardAgent.Console.csproj", "{FE8C5B11-9358-4321-BAED-168787DB8F12}"
EndProject
Project("{FAE04EC0-301F-11D3-BF4B-00C04F79EFBC}") = "ThaiIdCardAgent.Service", "src\ThaiIdCardAgent.Service\ThaiIdCardAgent.Service.csproj", "{92ACB825-B2D4-4D03-855C-D5FEDD37AF36}"
EndProject
Project("{2150E333-8FDC-42A3-9474-1A3956D46DE8}") = "tests", "tests", "{0AB3BF05-4346-4AA6-1389-037BE0695223}"
EndProject
Project("{FAE04EC0-301F-11D3-BF4B-00C04F79EFBC}") = "ThaiIdCardAgent.Core.Tests", "tests\ThaiIdCardAgent.Core.Tests\ThaiIdCardAgent.Core.Tests.csproj", "{A17A82EF-77E9-471F-8616-CF52F51AFBA9}"
EndProject
Project("{FAE04EC0-301F-11D3-BF4B-00C04F79EFBC}") = "ThaiIdCardAgent.Pcsc.Tests", "tests\ThaiIdCardAgent.Pcsc.Tests\ThaiIdCardAgent.Pcsc.Tests.csproj", "{37C43DB7-E5A9-4D96-B772-276CB386DD62}"
EndProject
Project("{FAE04EC0-301F-11D3-BF4B-00C04F79EFBC}") = "ThaiIdCardAgent.Service.Tests", "tests\ThaiIdCardAgent.Service.Tests\ThaiIdCardAgent.Service.Tests.csproj", "{A3487E7F-96DA-46A3-B365-EF6DB465D332}"
EndProject
Project("{FAE04EC0-301F-11D3-BF4B-00C04F79EFBC}") = "ThaiIdCardAgent.HardwareTests", "tests\ThaiIdCardAgent.HardwareTests\ThaiIdCardAgent.HardwareTests.csproj", "{58300F29-D72B-4E9A-B738-2FBFE381BDF7}"
EndProject
Project("{2150E333-8FDC-42A3-9474-1A3956D46DE8}") = "tools", "tools", "{07C2787E-EAC7-C090-1BA3-A61EC2A24D84}"
EndProject
Project("{FAE04EC0-301F-11D3-BF4B-00C04F79EFBC}") = "ThaiIdCardAgent.TestJwt", "tools\ThaiIdCardAgent.TestJwt\ThaiIdCardAgent.TestJwt.csproj", "{9ECD2DF6-1C02-4EE4-AAB3-6360EF46055E}"
EndProject
Project("{FAE04EC0-301F-11D3-BF4B-00C04F79EFBC}") = "ThaiIdCardAgent.Release.Tests", "tests\ThaiIdCardAgent.Release.Tests\ThaiIdCardAgent.Release.Tests.csproj", "{78B4FB08-0A7C-4C38-A9FD-554F1E75667C}"
EndProject
Global
	GlobalSection(SolutionConfigurationPlatforms) = preSolution
		Debug|Any CPU = Debug|Any CPU
		Debug|x64 = Debug|x64
		Debug|x86 = Debug|x86
		Release|Any CPU = Release|Any CPU
		Release|x64 = Release|x64
		Release|x86 = Release|x86
	EndGlobalSection
	GlobalSection(ProjectConfigurationPlatforms) = postSolution
		{1ADB75FF-7DD8-4EEC-AE39-2DACEF024600}.Debug|Any CPU.ActiveCfg = Debug|Any CPU
		{1ADB75FF-7DD8-4EEC-AE39-2DACEF024600}.Debug|Any CPU.Build.0 = Debug|Any CPU
		{1ADB75FF-7DD8-4EEC-AE39-2DACEF024600}.Debug|x64.ActiveCfg = Debug|Any CPU
		{1ADB75FF-7DD8-4EEC-AE39-2DACEF024600}.Debug|x64.Build.0 = Debug|Any CPU
		{1ADB75FF-7DD8-4EEC-AE39-2DACEF024600}.Debug|x86.ActiveCfg = Debug|Any CPU
		{1ADB75FF-7DD8-4EEC-AE39-2DACEF024600}.Debug|x86.Build.0 = Debug|Any CPU
		{1ADB75FF-7DD8-4EEC-AE39-2DACEF024600}.Release|Any CPU.ActiveCfg = Release|Any CPU
		{1ADB75FF-7DD8-4EEC-AE39-2DACEF024600}.Release|Any CPU.Build.0 = Release|Any CPU
		{1ADB75FF-7DD8-4EEC-AE39-2DACEF024600}.Release|x64.ActiveCfg = Release|Any CPU
		{1ADB75FF-7DD8-4EEC-AE39-2DACEF024600}.Release|x64.Build.0 = Release|Any CPU
		{1ADB75FF-7DD8-4EEC-AE39-2DACEF024600}.Release|x86.ActiveCfg = Release|Any CPU
		{1ADB75FF-7DD8-4EEC-AE39-2DACEF024600}.Release|x86.Build.0 = Release|Any CPU
		{08D136CC-756B-443D-911E-CB3D59F455BD}.Debug|Any CPU.ActiveCfg = Debug|Any CPU
		{08D136CC-756B-443D-911E-CB3D59F455BD}.Debug|Any CPU.Build.0 = Debug|Any CPU
		{08D136CC-756B-443D-911E-CB3D59F455BD}.Debug|x64.ActiveCfg = Debug|Any CPU
		{08D136CC-756B-443D-911E-CB3D59F455BD}.Debug|x64.Build.0 = Debug|Any CPU
		{08D136CC-756B-443D-911E-CB3D59F455BD}.Debug|x86.ActiveCfg = Debug|Any CPU
		{08D136CC-756B-443D-911E-CB3D59F455BD}.Debug|x86.Build.0 = Debug|Any CPU
		{08D136CC-756B-443D-911E-CB3D59F455BD}.Release|Any CPU.ActiveCfg = Release|Any CPU
		{08D136CC-756B-443D-911E-CB3D59F455BD}.Release|Any CPU.Build.0 = Release|Any CPU
		{08D136CC-756B-443D-911E-CB3D59F455BD}.Release|x64.ActiveCfg = Release|Any CPU
		{08D136CC-756B-443D-911E-CB3D59F455BD}.Release|x64.Build.0 = Release|Any CPU
		{08D136CC-756B-443D-911E-CB3D59F455BD}.Release|x86.ActiveCfg = Release|Any CPU
		{08D136CC-756B-443D-911E-CB3D59F455BD}.Release|x86.Build.0 = Release|Any CPU
		{292E720B-7AA8-49AF-B813-BBF3C975A3FE}.Debug|Any CPU.ActiveCfg = Debug|Any CPU
		{292E720B-7AA8-49AF-B813-BBF3C975A3FE}.Debug|Any CPU.Build.0 = Debug|Any CPU
		{292E720B-7AA8-49AF-B813-BBF3C975A3FE}.Debug|x64.ActiveCfg = Debug|Any CPU
		{292E720B-7AA8-49AF-B813-BBF3C975A3FE}.Debug|x64.Build.0 = Debug|Any CPU
		{292E720B-7AA8-49AF-B813-BBF3C975A3FE}.Debug|x86.ActiveCfg = Debug|Any CPU
		{292E720B-7AA8-49AF-B813-BBF3C975A3FE}.Debug|x86.Build.0 = Debug|Any CPU
		{292E720B-7AA8-49AF-B813-BBF3C975A3FE}.Release|Any CPU.ActiveCfg = Release|Any CPU
		{292E720B-7AA8-49AF-B813-BBF3C975A3FE}.Release|Any CPU.Build.0 = Release|Any CPU
		{292E720B-7AA8-49AF-B813-BBF3C975A3FE}.Release|x64.ActiveCfg = Release|Any CPU
		{292E720B-7AA8-49AF-B813-BBF3C975A3FE}.Release|x64.Build.0 = Release|Any CPU
		{292E720B-7AA8-49AF-B813-BBF3C975A3FE}.Release|x86.ActiveCfg = Release|Any CPU
		{292E720B-7AA8-49AF-B813-BBF3C975A3FE}.Release|x86.Build.0 = Release|Any CPU
		{FE8C5B11-9358-4321-BAED-168787DB8F12}.Debug|Any CPU.ActiveCfg = Debug|Any CPU
		{FE8C5B11-9358-4321-BAED-168787DB8F12}.Debug|Any CPU.Build.0 = Debug|Any CPU
		{FE8C5B11-9358-4321-BAED-168787DB8F12}.Debug|x64.ActiveCfg = Debug|Any CPU
		{FE8C5B11-9358-4321-BAED-168787DB8F12}.Debug|x64.Build.0 = Debug|Any CPU
		{FE8C5B11-9358-4321-BAED-168787DB8F12}.Debug|x86.ActiveCfg = Debug|Any CPU
		{FE8C5B11-9358-4321-BAED-168787DB8F12}.Debug|x86.Build.0 = Debug|Any CPU
		{FE8C5B11-9358-4321-BAED-168787DB8F12}.Release|Any CPU.ActiveCfg = Release|Any CPU
		{FE8C5B11-9358-4321-BAED-168787DB8F12}.Release|Any CPU.Build.0 = Release|Any CPU
		{FE8C5B11-9358-4321-BAED-168787DB8F12}.Release|x64.ActiveCfg = Release|Any CPU
		{FE8C5B11-9358-4321-BAED-168787DB8F12}.Release|x64.Build.0 = Release|Any CPU
		{FE8C5B11-9358-4321-BAED-168787DB8F12}.Release|x86.ActiveCfg = Release|Any CPU
		{FE8C5B11-9358-4321-BAED-168787DB8F12}.Release|x86.Build.0 = Release|Any CPU
		{92ACB825-B2D4-4D03-855C-D5FEDD37AF36}.Debug|Any CPU.ActiveCfg = Debug|Any CPU
		{92ACB825-B2D4-4D03-855C-D5FEDD37AF36}.Debug|Any CPU.Build.0 = Debug|Any CPU
		{92ACB825-B2D4-4D03-855C-D5FEDD37AF36}.Debug|x64.ActiveCfg = Debug|Any CPU
		{92ACB825-B2D4-4D03-855C-D5FEDD37AF36}.Debug|x64.Build.0 = Debug|Any CPU
		{92ACB825-B2D4-4D03-855C-D5FEDD37AF36}.Debug|x86.ActiveCfg = Debug|Any CPU
		{92ACB825-B2D4-4D03-855C-D5FEDD37AF36}.Debug|x86.Build.0 = Debug|Any CPU
		{92ACB825-B2D4-4D03-855C-D5FEDD37AF36}.Release|Any CPU.ActiveCfg = Release|Any CPU
		{92ACB825-B2D4-4D03-855C-D5FEDD37AF36}.Release|Any CPU.Build.0 = Release|Any CPU
		{92ACB825-B2D4-4D03-855C-D5FEDD37AF36}.Release|x64.ActiveCfg = Release|Any CPU
		{92ACB825-B2D4-4D03-855C-D5FEDD37AF36}.Release|x64.Build.0 = Release|Any CPU
		{92ACB825-B2D4-4D03-855C-D5FEDD37AF36}.Release|x86.ActiveCfg = Release|Any CPU
		{92ACB825-B2D4-4D03-855C-D5FEDD37AF36}.Release|x86.Build.0 = Release|Any CPU
		{A17A82EF-77E9-471F-8616-CF52F51AFBA9}.Debug|Any CPU.ActiveCfg = Debug|Any CPU
		{A17A82EF-77E9-471F-8616-CF52F51AFBA9}.Debug|Any CPU.Build.0 = Debug|Any CPU
		{A17A82EF-77E9-471F-8616-CF52F51AFBA9}.Debug|x64.ActiveCfg = Debug|Any CPU
		{A17A82EF-77E9-471F-8616-CF52F51AFBA9}.Debug|x64.Build.0 = Debug|Any CPU
		{A17A82EF-77E9-471F-8616-CF52F51AFBA9}.Debug|x86.ActiveCfg = Debug|Any CPU
		{A17A82EF-77E9-471F-8616-CF52F51AFBA9}.Debug|x86.Build.0 = Debug|Any CPU
		{A17A82EF-77E9-471F-8616-CF52F51AFBA9}.Release|Any CPU.ActiveCfg = Release|Any CPU
		{A17A82EF-77E9-471F-8616-CF52F51AFBA9}.Release|Any CPU.Build.0 = Release|Any CPU
		{A17A82EF-77E9-471F-8616-CF52F51AFBA9}.Release|x64.ActiveCfg = Release|Any CPU
		{A17A82EF-77E9-471F-8616-CF52F51AFBA9}.Release|x64.Build.0 = Release|Any CPU
		{A17A82EF-77E9-471F-8616-CF52F51AFBA9}.Release|x86.ActiveCfg = Release|Any CPU
		{A17A82EF-77E9-471F-8616-CF52F51AFBA9}.Release|x86.Build.0 = Release|Any CPU
		{37C43DB7-E5A9-4D96-B772-276CB386DD62}.Debug|Any CPU.ActiveCfg = Debug|Any CPU
		{37C43DB7-E5A9-4D96-B772-276CB386DD62}.Debug|Any CPU.Build.0 = Debug|Any CPU
		{37C43DB7-E5A9-4D96-B772-276CB386DD62}.Debug|x64.ActiveCfg = Debug|Any CPU
		{37C43DB7-E5A9-4D96-B772-276CB386DD62}.Debug|x64.Build.0 = Debug|Any CPU
		{37C43DB7-E5A9-4D96-B772-276CB386DD62}.Debug|x86.ActiveCfg = Debug|Any CPU
		{37C43DB7-E5A9-4D96-B772-276CB386DD62}.Debug|x86.Build.0 = Debug|Any CPU
		{37C43DB7-E5A9-4D96-B772-276CB386DD62}.Release|Any CPU.ActiveCfg = Release|Any CPU
		{37C43DB7-E5A9-4D96-B772-276CB386DD62}.Release|Any CPU.Build.0 = Release|Any CPU
		{37C43DB7-E5A9-4D96-B772-276CB386DD62}.Release|x64.ActiveCfg = Release|Any CPU
		{37C43DB7-E5A9-4D96-B772-276CB386DD62}.Release|x64.Build.0 = Release|Any CPU
		{37C43DB7-E5A9-4D96-B772-276CB386DD62}.Release|x86.ActiveCfg = Release|Any CPU
		{37C43DB7-E5A9-4D96-B772-276CB386DD62}.Release|x86.Build.0 = Release|Any CPU
		{A3487E7F-96DA-46A3-B365-EF6DB465D332}.Debug|Any CPU.ActiveCfg = Debug|Any CPU
		{A3487E7F-96DA-46A3-B365-EF6DB465D332}.Debug|Any CPU.Build.0 = Debug|Any CPU
		{A3487E7F-96DA-46A3-B365-EF6DB465D332}.Debug|x64.ActiveCfg = Debug|Any CPU
		{A3487E7F-96DA-46A3-B365-EF6DB465D332}.Debug|x64.Build.0 = Debug|Any CPU
		{A3487E7F-96DA-46A3-B365-EF6DB465D332}.Debug|x86.ActiveCfg = Debug|Any CPU
		{A3487E7F-96DA-46A3-B365-EF6DB465D332}.Debug|x86.Build.0 = Debug|Any CPU
		{A3487E7F-96DA-46A3-B365-EF6DB465D332}.Release|Any CPU.ActiveCfg = Release|Any CPU
		{A3487E7F-96DA-46A3-B365-EF6DB465D332}.Release|Any CPU.Build.0 = Release|Any CPU
		{A3487E7F-96DA-46A3-B365-EF6DB465D332}.Release|x64.ActiveCfg = Release|Any CPU
		{A3487E7F-96DA-46A3-B365-EF6DB465D332}.Release|x64.Build.0 = Release|Any CPU
		{A3487E7F-96DA-46A3-B365-EF6DB465D332}.Release|x86.ActiveCfg = Release|Any CPU
		{A3487E7F-96DA-46A3-B365-EF6DB465D332}.Release|x86.Build.0 = Release|Any CPU
		{58300F29-D72B-4E9A-B738-2FBFE381BDF7}.Debug|Any CPU.ActiveCfg = Debug|Any CPU
		{58300F29-D72B-4E9A-B738-2FBFE381BDF7}.Debug|Any CPU.Build.0 = Debug|Any CPU
		{58300F29-D72B-4E9A-B738-2FBFE381BDF7}.Debug|x64.ActiveCfg = Debug|Any CPU
		{58300F29-D72B-4E9A-B738-2FBFE381BDF7}.Debug|x64.Build.0 = Debug|Any CPU
		{58300F29-D72B-4E9A-B738-2FBFE381BDF7}.Debug|x86.ActiveCfg = Debug|Any CPU
		{58300F29-D72B-4E9A-B738-2FBFE381BDF7}.Debug|x86.Build.0 = Debug|Any CPU
		{58300F29-D72B-4E9A-B738-2FBFE381BDF7}.Release|Any CPU.ActiveCfg = Release|Any CPU
		{58300F29-D72B-4E9A-B738-2FBFE381BDF7}.Release|Any CPU.Build.0 = Release|Any CPU
		{58300F29-D72B-4E9A-B738-2FBFE381BDF7}.Release|x64.ActiveCfg = Release|Any CPU
		{58300F29-D72B-4E9A-B738-2FBFE381BDF7}.Release|x64.Build.0 = Release|Any CPU
		{58300F29-D72B-4E9A-B738-2FBFE381BDF7}.Release|x86.ActiveCfg = Release|Any CPU
		{58300F29-D72B-4E9A-B738-2FBFE381BDF7}.Release|x86.Build.0 = Release|Any CPU
		{9ECD2DF6-1C02-4EE4-AAB3-6360EF46055E}.Debug|Any CPU.ActiveCfg = Debug|Any CPU
		{9ECD2DF6-1C02-4EE4-AAB3-6360EF46055E}.Debug|Any CPU.Build.0 = Debug|Any CPU
		{9ECD2DF6-1C02-4EE4-AAB3-6360EF46055E}.Debug|x64.ActiveCfg = Debug|Any CPU
		{9ECD2DF6-1C02-4EE4-AAB3-6360EF46055E}.Debug|x64.Build.0 = Debug|Any CPU
		{9ECD2DF6-1C02-4EE4-AAB3-6360EF46055E}.Debug|x86.ActiveCfg = Debug|Any CPU
		{9ECD2DF6-1C02-4EE4-AAB3-6360EF46055E}.Debug|x86.Build.0 = Debug|Any CPU
		{9ECD2DF6-1C02-4EE4-AAB3-6360EF46055E}.Release|Any CPU.ActiveCfg = Release|Any CPU
		{9ECD2DF6-1C02-4EE4-AAB3-6360EF46055E}.Release|Any CPU.Build.0 = Release|Any CPU
		{9ECD2DF6-1C02-4EE4-AAB3-6360EF46055E}.Release|x64.ActiveCfg = Release|Any CPU
		{9ECD2DF6-1C02-4EE4-AAB3-6360EF46055E}.Release|x64.Build.0 = Release|Any CPU
		{9ECD2DF6-1C02-4EE4-AAB3-6360EF46055E}.Release|x86.ActiveCfg = Release|Any CPU
		{9ECD2DF6-1C02-4EE4-AAB3-6360EF46055E}.Release|x86.Build.0 = Release|Any CPU
		{78B4FB08-0A7C-4C38-A9FD-554F1E75667C}.Debug|Any CPU.ActiveCfg = Debug|Any CPU
		{78B4FB08-0A7C-4C38-A9FD-554F1E75667C}.Debug|Any CPU.Build.0 = Debug|Any CPU
		{78B4FB08-0A7C-4C38-A9FD-554F1E75667C}.Debug|x64.ActiveCfg = Debug|Any CPU
		{78B4FB08-0A7C-4C38-A9FD-554F1E75667C}.Debug|x64.Build.0 = Debug|Any CPU
		{78B4FB08-0A7C-4C38-A9FD-554F1E75667C}.Debug|x86.ActiveCfg = Debug|Any CPU
		{78B4FB08-0A7C-4C38-A9FD-554F1E75667C}.Debug|x86.Build.0 = Debug|Any CPU
		{78B4FB08-0A7C-4C38-A9FD-554F1E75667C}.Release|Any CPU.ActiveCfg = Release|Any CPU
		{78B4FB08-0A7C-4C38-A9FD-554F1E75667C}.Release|Any CPU.Build.0 = Release|Any CPU
		{78B4FB08-0A7C-4C38-A9FD-554F1E75667C}.Release|x64.ActiveCfg = Release|Any CPU
		{78B4FB08-0A7C-4C38-A9FD-554F1E75667C}.Release|x64.Build.0 = Release|Any CPU
		{78B4FB08-0A7C-4C38-A9FD-554F1E75667C}.Release|x86.ActiveCfg = Release|Any CPU
		{78B4FB08-0A7C-4C38-A9FD-554F1E75667C}.Release|x86.Build.0 = Release|Any CPU
	EndGlobalSection
	GlobalSection(SolutionProperties) = preSolution
		HideSolutionNode = FALSE
	EndGlobalSection
	GlobalSection(NestedProjects) = preSolution
		{1ADB75FF-7DD8-4EEC-AE39-2DACEF024600} = {827E0CD3-B72D-47B6-A68D-7590B98EB39B}
		{08D136CC-756B-443D-911E-CB3D59F455BD} = {827E0CD3-B72D-47B6-A68D-7590B98EB39B}
		{292E720B-7AA8-49AF-B813-BBF3C975A3FE} = {827E0CD3-B72D-47B6-A68D-7590B98EB39B}
		{FE8C5B11-9358-4321-BAED-168787DB8F12} = {827E0CD3-B72D-47B6-A68D-7590B98EB39B}
		{92ACB825-B2D4-4D03-855C-D5FEDD37AF36} = {827E0CD3-B72D-47B6-A68D-7590B98EB39B}
		{A17A82EF-77E9-471F-8616-CF52F51AFBA9} = {0AB3BF05-4346-4AA6-1389-037BE0695223}
		{37C43DB7-E5A9-4D96-B772-276CB386DD62} = {0AB3BF05-4346-4AA6-1389-037BE0695223}
		{A3487E7F-96DA-46A3-B365-EF6DB465D332} = {0AB3BF05-4346-4AA6-1389-037BE0695223}
		{58300F29-D72B-4E9A-B738-2FBFE381BDF7} = {0AB3BF05-4346-4AA6-1389-037BE0695223}
		{9ECD2DF6-1C02-4EE4-AAB3-6360EF46055E} = {07C2787E-EAC7-C090-1BA3-A61EC2A24D84}
		{78B4FB08-0A7C-4C38-A9FD-554F1E75667C} = {0AB3BF05-4346-4AA6-1389-037BE0695223}
	EndGlobalSection
EndGlobal
